
Microsoft Visual Studio Solution File, Format Version 12.00
# Visual Studio 15
VisualStudioVersion = 15.0.28307.757
MinimumVisualStudioVersion = 10.0.40219.1
Project("{2150E333-8FDC-42A3-9474-1A3956D46DE8}") = "0_thirdparty_cximage", "0_thirdparty_cximage", "{7F70F25E-7B87-41CE-9E97-69DFCBDFB9C0}"
EndProject
Project("{2150E333-8FDC-42A3-9474-1A3956D46DE8}") = "0_thirdparty", "0_thirdparty", "{CA0679BA-691D-4156-A2DD-3F9836CC3F5F}"
EndProject
Project("{2150E333-8FDC-42A3-9474-1A3956D46DE8}") = "1_demo", "1_demo", "{EC2C6AF4-B3B3-46A0-9341-63B0871A1D8E}"
EndProject
Project("{8BC9CEB8-8B4A-11D0-8D11-00A0C91BC942}") = "demo", "demo\demo\demo.vcxproj", "{588CC588-3D01-46BD-8881-5A045ABB3E76}"
EndProject
Project("{8BC9CEB8-8B4A-11D0-8D11-00A0C91BC942}") = "demoDll", "demo\demo\demodll.vcxproj", "{1BAA5966-7EB5-41C8-9E57-7D9D117DDB16}"
EndProject
Project("{8BC9CEB8-8B4A-11D0-8D11-00A0C91BC942}") = "Console", "demo\demo2\Console.vcxproj", "{9B29C2A7-6AE6-4E01-BD8C-8EFCE9C3045E}"
EndProject
Project("{8BC9CEB8-8B4A-11D0-8D11-00A0C91BC942}") = "libzlib", "thirdparty\zlib-1.2.12\libzlib.vcxproj", "{98370A1A-2305-3AE1-8D6B-0841290DE59E}"
EndProject
Project("{8BC9CEB8-8B4A-11D0-8D11-00A0C91BC942}") = "libpng", "thirdparty\png1637\libpng.vcxproj", "{30B09509-2893-3529-A441-F1C5EB136B61}"
EndProject
Project("{8BC9CEB8-8B4A-11D0-8D11-00A0C91BC942}") = "libjpeg", "thirdparty\jpeg-9e\libjpeg.vcxproj", "{5969AB1D-3891-4E8F-91AD-DF4E5B0EBADF}"
EndProject
Project("{8BC9CEB8-8B4A-11D0-8D11-00A0C91BC942}") = "libmng", "thirdparty\mng-1.0.10\libmng.vcxproj", "{40A69F40-063E-43FD-8543-455495D8733E}"
EndProject
Project("{8BC9CEB8-8B4A-11D0-8D11-00A0C91BC942}") = "libdcr", "thirdparty\dcr-8.93\libdcr.vcxproj", "{DF861D33-9BC1-418C-82B1-581F590FE169}"
EndProject
Project("{8BC9CEB8-8B4A-11D0-8D11-00A0C91BC942}") = "libpsd", "thirdparty\psd-0.9\libpsd.vcxproj", "{0DEBB3CC-712B-4AC1-84DF-E2D9D7D5F859}"
EndProject
Project("{8BC9CEB8-8B4A-11D0-8D11-00A0C91BC942}") = "jasper", "thirdparty\jasper-3.0.4\jasper.vcxproj", "{C93EB264-D4FF-3F3F-8238-62D6B36B4D33}"
EndProject
Project("{8BC9CEB8-8B4A-11D0-8D11-00A0C91BC942}") = "libcximage", "thirdparty\cximage-7.0.2\libcximage.vcxproj", "{C739151F-5384-41DF-A1A6-F089E2C1AD56}"
EndProject
Project("{2150E333-8FDC-42A3-9474-1A3956D46DE8}") = "0_lib", "0_lib", "{5567A39A-DEE6-4A1E-94E7-21353B2873E8}"
EndProject
Project("{2150E333-8FDC-42A3-9474-1A3956D46DE8}") = "1_dll", "1_dll", "{02FFD5C6-E2ED-46BF-B676-A5EB377ABBDB}"
EndProject
Project("{8BC9CEB8-8B4A-11D0-8D11-00A0C91BC942}") = "libjbig", "thirdparty\jbig-2.1\libjbig.vcxproj", "{C8353FEE-3BBD-40F4-AA72-4D6468277D91}"
EndProject
Project("{8BC9CEB8-8B4A-11D0-8D11-00A0C91BC942}") = "mng", "thirdparty\mng-1.0.10\mng.vcxproj", "{C344C315-E502-4203-9A1E-7148AB074CCB}"
EndProject
Project("{8BC9CEB8-8B4A-11D0-8D11-00A0C91BC942}") = "png", "thirdparty\png1637\png.vcxproj", "{26E8BE2A-9314-3B99-B5BB-542E9EDE99BF}"
	ProjectSection(ProjectDependencies) = postProject
		{A0AFD9EC-79C8-36CE-B0E8-1B7699B493C9} = {A0AFD9EC-79C8-36CE-B0E8-1B7699B493C9}
	EndProjectSection
EndProject
Project("{8BC9CEB8-8B4A-11D0-8D11-00A0C91BC942}") = "libtiff", "thirdparty\tiff-4.4.0\libtiff.vcxproj", "{89DC3EA3-9065-4245-9DEE-2DE898409964}"
EndProject
Project("{8BC9CEB8-8B4A-11D0-8D11-00A0C91BC942}") = "zlib", "thirdparty\zlib-1.2.12\zlib.vcxproj", "{A0AFD9EC-79C8-36CE-B0E8-1B7699B493C9}"
EndProject
Project("{2150E333-8FDC-42A3-9474-1A3956D46DE8}") = "0_lib", "0_lib", "{3F65B051-E897-4B48-99FE-EA84BC6DFB3A}"
EndProject
Project("{2150E333-8FDC-42A3-9474-1A3956D46DE8}") = "1_dll", "1_dll", "{760D9C88-39C5-4000-8E0A-2FCF513CAB35}"
EndProject
Project("{8BC9CEB8-8B4A-11D0-8D11-00A0C91BC942}") = "cximage", "thirdparty\cximage-7.0.2\cximage.vcxproj", "{BB51BFAC-72F4-4D41-B89B-273D813B6F18}"
EndProject
Project("{8BC9CEB8-8B4A-11D0-8D11-00A0C91BC942}") = "tiff", "thirdparty\tiff-4.4.0\tiff.vcxproj", "{44DCE50D-1E7A-3B6C-9F01-BD94A7350BB1}"
EndProject
Project("{8BC9CEB8-8B4A-11D0-8D11-00A0C91BC942}") = "libjasper", "thirdparty\jasper-3.0.4\libjasper.vcxproj", "{59F7EB04-AD32-4F10-BF41-72754524B402}"
EndProject
Global
	GlobalSection(SolutionConfigurationPlatforms) = preSolution
		Debug|x64 = Debug|x64
		Release|x64 = Release|x64
	EndGlobalSection
	GlobalSection(ProjectConfigurationPlatforms) = postSolution
		{588CC588-3D01-46BD-8881-5A045ABB3E76}.Debug|x64.ActiveCfg = Debug|x64
		{588CC588-3D01-46BD-8881-5A045ABB3E76}.Debug|x64.Build.0 = Debug|x64
		{588CC588-3D01-46BD-8881-5A045ABB3E76}.Release|x64.ActiveCfg = Release|x64
		{588CC588-3D01-46BD-8881-5A045ABB3E76}.Release|x64.Build.0 = Release|x64
		{1BAA5966-7EB5-41C8-9E57-7D9D117DDB16}.Debug|x64.ActiveCfg = Debug|x64
		{1BAA5966-7EB5-41C8-9E57-7D9D117DDB16}.Debug|x64.Build.0 = Debug|x64
		{1BAA5966-7EB5-41C8-9E57-7D9D117DDB16}.Release|x64.ActiveCfg = Release|x64
		{1BAA5966-7EB5-41C8-9E57-7D9D117DDB16}.Release|x64.Build.0 = Release|x64
		{9B29C2A7-6AE6-4E01-BD8C-8EFCE9C3045E}.Debug|x64.ActiveCfg = Debug|x64
		{9B29C2A7-6AE6-4E01-BD8C-8EFCE9C3045E}.Debug|x64.Build.0 = Debug|x64
		{9B29C2A7-6AE6-4E01-BD8C-8EFCE9C3045E}.Release|x64.ActiveCfg = Release|x64
		{9B29C2A7-6AE6-4E01-BD8C-8EFCE9C3045E}.Release|x64.Build.0 = Release|x64
		{98370A1A-2305-3AE1-8D6B-0841290DE59E}.Debug|x64.ActiveCfg = Debug|x64
		{98370A1A-2305-3AE1-8D6B-0841290DE59E}.Debug|x64.Build.0 = Debug|x64
		{98370A1A-2305-3AE1-8D6B-0841290DE59E}.Release|x64.ActiveCfg = Release|x64
		{98370A1A-2305-3AE1-8D6B-0841290DE59E}.Release|x64.Build.0 = Release|x64
		{30B09509-2893-3529-A441-F1C5EB136B61}.Debug|x64.ActiveCfg = Debug|x64
		{30B09509-2893-3529-A441-F1C5EB136B61}.Debug|x64.Build.0 = Debug|x64
		{30B09509-2893-3529-A441-F1C5EB136B61}.Release|x64.ActiveCfg = Release|x64
		{30B09509-2893-3529-A441-F1C5EB136B61}.Release|x64.Build.0 = Release|x64
		{5969AB1D-3891-4E8F-91AD-DF4E5B0EBADF}.Debug|x64.ActiveCfg = Debug|x64
		{5969AB1D-3891-4E8F-91AD-DF4E5B0EBADF}.Debug|x64.Build.0 = Debug|x64
		{5969AB1D-3891-4E8F-91AD-DF4E5B0EBADF}.Release|x64.ActiveCfg = Release|x64
		{5969AB1D-3891-4E8F-91AD-DF4E5B0EBADF}.Release|x64.Build.0 = Release|x64
		{40A69F40-063E-43FD-8543-455495D8733E}.Debug|x64.ActiveCfg = Debug|x64
		{40A69F40-063E-43FD-8543-455495D8733E}.Debug|x64.Build.0 = Debug|x64
		{40A69F40-063E-43FD-8543-455495D8733E}.Release|x64.ActiveCfg = Release|x64
		{40A69F40-063E-43FD-8543-455495D8733E}.Release|x64.Build.0 = Release|x64
		{DF861D33-9BC1-418C-82B1-581F590FE169}.Debug|x64.ActiveCfg = Debug|x64
		{DF861D33-9BC1-418C-82B1-581F590FE169}.Debug|x64.Build.0 = Debug|x64
		{DF861D33-9BC1-418C-82B1-581F590FE169}.Release|x64.ActiveCfg = Release|x64
		{DF861D33-9BC1-418C-82B1-581F590FE169}.Release|x64.Build.0 = Release|x64
		{0DEBB3CC-712B-4AC1-84DF-E2D9D7D5F859}.Debug|x64.ActiveCfg = Debug|x64
		{0DEBB3CC-712B-4AC1-84DF-E2D9D7D5F859}.Debug|x64.Build.0 = Debug|x64
		{0DEBB3CC-712B-4AC1-84DF-E2D9D7D5F859}.Release|x64.ActiveCfg = Release|x64
		{0DEBB3CC-712B-4AC1-84DF-E2D9D7D5F859}.Release|x64.Build.0 = Release|x64
		{C93EB264-D4FF-3F3F-8238-62D6B36B4D33}.Debug|x64.ActiveCfg = Debug|x64
		{C93EB264-D4FF-3F3F-8238-62D6B36B4D33}.Debug|x64.Build.0 = Debug|x64
		{C93EB264-D4FF-3F3F-8238-62D6B36B4D33}.Release|x64.ActiveCfg = Release|x64
		{C93EB264-D4FF-3F3F-8238-62D6B36B4D33}.Release|x64.Build.0 = Release|x64
		{C739151F-5384-41DF-A1A6-F089E2C1AD56}.Debug|x64.ActiveCfg = Debug|x64
		{C739151F-5384-41DF-A1A6-F089E2C1AD56}.Debug|x64.Build.0 = Debug|x64
		{C739151F-5384-41DF-A1A6-F089E2C1AD56}.Release|x64.ActiveCfg = Release|x64
		{C739151F-5384-41DF-A1A6-F089E2C1AD56}.Release|x64.Build.0 = Release|x64
		{C8353FEE-3BBD-40F4-AA72-4D6468277D91}.Debug|x64.ActiveCfg = Debug|x64
		{C8353FEE-3BBD-40F4-AA72-4D6468277D91}.Debug|x64.Build.0 = Debug|x64
		{C8353FEE-3BBD-40F4-AA72-4D6468277D91}.Release|x64.ActiveCfg = Release|x64
		{C8353FEE-3BBD-40F4-AA72-4D6468277D91}.Release|x64.Build.0 = Release|x64
		{C344C315-E502-4203-9A1E-7148AB074CCB}.Debug|x64.ActiveCfg = Debug|x64
		{C344C315-E502-4203-9A1E-7148AB074CCB}.Debug|x64.Build.0 = Debug|x64
		{C344C315-E502-4203-9A1E-7148AB074CCB}.Release|x64.ActiveCfg = Release|x64
		{C344C315-E502-4203-9A1E-7148AB074CCB}.Release|x64.Build.0 = Release|x64
		{26E8BE2A-9314-3B99-B5BB-542E9EDE99BF}.Debug|x64.ActiveCfg = Debug|x64
		{26E8BE2A-9314-3B99-B5BB-542E9EDE99BF}.Debug|x64.Build.0 = Debug|x64
		{26E8BE2A-9314-3B99-B5BB-542E9EDE99BF}.Release|x64.ActiveCfg = Release|x64
		{26E8BE2A-9314-3B99-B5BB-542E9EDE99BF}.Release|x64.Build.0 = Release|x64
		{89DC3EA3-9065-4245-9DEE-2DE898409964}.Debug|x64.ActiveCfg = Debug|x64
		{89DC3EA3-9065-4245-9DEE-2DE898409964}.Debug|x64.Build.0 = Debug|x64
		{89DC3EA3-9065-4245-9DEE-2DE898409964}.Release|x64.ActiveCfg = Release|x64
		{89DC3EA3-9065-4245-9DEE-2DE898409964}.Release|x64.Build.0 = Release|x64
		{A0AFD9EC-79C8-36CE-B0E8-1B7699B493C9}.Debug|x64.ActiveCfg = Debug|x64
		{A0AFD9EC-79C8-36CE-B0E8-1B7699B493C9}.Debug|x64.Build.0 = Debug|x64
		{A0AFD9EC-79C8-36CE-B0E8-1B7699B493C9}.Release|x64.ActiveCfg = Release|x64
		{A0AFD9EC-79C8-36CE-B0E8-1B7699B493C9}.Release|x64.Build.0 = Release|x64
		{BB51BFAC-72F4-4D41-B89B-273D813B6F18}.Debug|x64.ActiveCfg = Debug|x64
		{BB51BFAC-72F4-4D41-B89B-273D813B6F18}.Debug|x64.Build.0 = Debug|x64
		{BB51BFAC-72F4-4D41-B89B-273D813B6F18}.Release|x64.ActiveCfg = Release|x64
		{BB51BFAC-72F4-4D41-B89B-273D813B6F18}.Release|x64.Build.0 = Release|x64
		{44DCE50D-1E7A-3B6C-9F01-BD94A7350BB1}.Debug|x64.ActiveCfg = Debug|x64
		{44DCE50D-1E7A-3B6C-9F01-BD94A7350BB1}.Debug|x64.Build.0 = Debug|x64
		{44DCE50D-1E7A-3B6C-9F01-BD94A7350BB1}.Release|x64.ActiveCfg = Release|x64
		{44DCE50D-1E7A-3B6C-9F01-BD94A7350BB1}.Release|x64.Build.0 = Release|x64
		{59F7EB04-AD32-4F10-BF41-72754524B402}.Debug|x64.ActiveCfg = Debug|x64
		{59F7EB04-AD32-4F10-BF41-72754524B402}.Debug|x64.Build.0 = Debug|x64
		{59F7EB04-AD32-4F10-BF41-72754524B402}.Release|x64.ActiveCfg = Release|x64
		{59F7EB04-AD32-4F10-BF41-72754524B402}.Release|x64.Build.0 = Release|x64
	EndGlobalSection
	GlobalSection(SolutionProperties) = preSolution
		HideSolutionNode = FALSE
	EndGlobalSection
	GlobalSection(NestedProjects) = preSolution
		{588CC588-3D01-46BD-8881-5A045ABB3E76} = {EC2C6AF4-B3B3-46A0-9341-63B0871A1D8E}
		{1BAA5966-7EB5-41C8-9E57-7D9D117DDB16} = {EC2C6AF4-B3B3-46A0-9341-63B0871A1D8E}
		{9B29C2A7-6AE6-4E01-BD8C-8EFCE9C3045E} = {EC2C6AF4-B3B3-46A0-9341-63B0871A1D8E}
		{98370A1A-2305-3AE1-8D6B-0841290DE59E} = {5567A39A-DEE6-4A1E-94E7-21353B2873E8}
		{30B09509-2893-3529-A441-F1C5EB136B61} = {5567A39A-DEE6-4A1E-94E7-21353B2873E8}
		{5969AB1D-3891-4E8F-91AD-DF4E5B0EBADF} = {5567A39A-DEE6-4A1E-94E7-21353B2873E8}
		{40A69F40-063E-43FD-8543-455495D8733E} = {5567A39A-DEE6-4A1E-94E7-21353B2873E8}
		{DF861D33-9BC1-418C-82B1-581F590FE169} = {5567A39A-DEE6-4A1E-94E7-21353B2873E8}
		{0DEBB3CC-712B-4AC1-84DF-E2D9D7D5F859} = {5567A39A-DEE6-4A1E-94E7-21353B2873E8}
		{C93EB264-D4FF-3F3F-8238-62D6B36B4D33} = {02FFD5C6-E2ED-46BF-B676-A5EB377ABBDB}
		{C739151F-5384-41DF-A1A6-F089E2C1AD56} = {3F65B051-E897-4B48-99FE-EA84BC6DFB3A}
		{5567A39A-DEE6-4A1E-94E7-21353B2873E8} = {CA0679BA-691D-4156-A2DD-3F9836CC3F5F}
		{02FFD5C6-E2ED-46BF-B676-A5EB377ABBDB} = {CA0679BA-691D-4156-A2DD-3F9836CC3F5F}
		{C8353FEE-3BBD-40F4-AA72-4D6468277D91} = {5567A39A-DEE6-4A1E-94E7-21353B2873E8}
		{C344C315-E502-4203-9A1E-7148AB074CCB} = {02FFD5C6-E2ED-46BF-B676-A5EB377ABBDB}
		{26E8BE2A-9314-3B99-B5BB-542E9EDE99BF} = {02FFD5C6-E2ED-46BF-B676-A5EB377ABBDB}
		{89DC3EA3-9065-4245-9DEE-2DE898409964} = {5567A39A-DEE6-4A1E-94E7-21353B2873E8}
		{A0AFD9EC-79C8-36CE-B0E8-1B7699B493C9} = {02FFD5C6-E2ED-46BF-B676-A5EB377ABBDB}
		{3F65B051-E897-4B48-99FE-EA84BC6DFB3A} = {7F70F25E-7B87-41CE-9E97-69DFCBDFB9C0}
		{760D9C88-39C5-4000-8E0A-2FCF513CAB35} = {7F70F25E-7B87-41CE-9E97-69DFCBDFB9C0}
		{BB51BFAC-72F4-4D41-B89B-273D813B6F18} = {760D9C88-39C5-4000-8E0A-2FCF513CAB35}
		{44DCE50D-1E7A-3B6C-9F01-BD94A7350BB1} = {02FFD5C6-E2ED-46BF-B676-A5EB377ABBDB}
		{59F7EB04-AD32-4F10-BF41-72754524B402} = {5567A39A-DEE6-4A1E-94E7-21353B2873E8}
	EndGlobalSection
	GlobalSection(ExtensibilityGlobals) = postSolution
		SolutionGuid = {0EDD078F-55C4-4F83-9FC6-CC98259F2037}
	EndGlobalSection
EndGlobal
